
Microsoft Visual Studio Solution File, Format Version 12.00
# Visual Studio Version 17
VisualStudioVersion = 17.4.33213.308
MinimumVisualStudioVersion = 10.0.40219.1
Project("{FAE04EC0-301F-11D3-BF4B-00C04F79EFBC}") = "Project1", "Project1\Project1.csproj", "{134D3BF6-1BF9-4B90-B012-84F9C28FD326}"
EndProject
Global
	GlobalSection(SolutionConfigurationPlatforms) = preSolution
		Debug|Any CPU = Debug|Any CPU
		Release|Any CPU = Release|Any CPU
	EndGlobalSection
	GlobalSection(ProjectConfigurationPlatforms) = postSolution
		{134D3BF6-1BF9-4B90-B012-84F9C28FD326}.Debug|Any CPU.ActiveCfg = Debug|Any CPU
		{134D3BF6-1BF9-4B90-B012-84F9C28FD326}.Debug|Any CPU.Build.0 = Debug|Any CPU
		{134D3BF6-1BF9-4B90-B012-84F9C28FD326}.Release|Any CPU.ActiveCfg = Release|Any CPU
		{134D3BF6-1BF9-4B90-B012-84F9C28FD326}.Release|Any CPU.Build.0 = Release|Any CPU
	EndGlobalSection
	GlobalSection(SolutionProperties) = preSolution
		HideSolutionNode = FALSE
	EndGlobalSection
	GlobalSection(ExtensibilityGlobals) = postSolution
		SolutionGuid = {C44BBF02-7D9F-4636-B3E3-941A8ED19169}
	EndGlobalSection
EndGlobal
