
Microsoft Visual Studio Solution File, Format Version 12.00
# Visual Studio Version 17
VisualStudioVersion = 17.4.33213.308
MinimumVisualStudioVersion = 10.0.40219.1
Project("{FAE04EC0-301F-11D3-BF4B-00C04F79EFBC}") = "baitaptuluyen1", "baitaptuluyen1\baitaptuluyen1.csproj", "{7A0A75F9-0576-46B8-8C83-88FECFD4CFE1}"
EndProject
Global
	GlobalSection(SolutionConfigurationPlatforms) = preSolution
		Debug|Any CPU = Debug|Any CPU
		Release|Any CPU = Release|Any CPU
	EndGlobalSection
	GlobalSection(ProjectConfigurationPlatforms) = postSolution
		{7A0A75F9-0576-46B8-8C83-88FECFD4CFE1}.Debug|Any CPU.ActiveCfg = Debug|Any CPU
		{7A0A75F9-0576-46B8-8C83-88FECFD4CFE1}.Debug|Any CPU.Build.0 = Debug|Any CPU
		{7A0A75F9-0576-46B8-8C83-88FECFD4CFE1}.Release|Any CPU.ActiveCfg = Release|Any CPU
		{7A0A75F9-0576-46B8-8C83-88FECFD4CFE1}.Release|Any CPU.Build.0 = Release|Any CPU
	EndGlobalSection
	GlobalSection(SolutionProperties) = preSolution
		HideSolutionNode = FALSE
	EndGlobalSection
	GlobalSection(ExtensibilityGlobals) = postSolution
		SolutionGuid = {C0212E91-6864-4DFF-81F5-B07734A4EDA0}
	EndGlobalSection
EndGlobal
