
Microsoft Visual Studio Solution File, Format Version 12.00
# Visual Studio Version 17
VisualStudioVersion = 17.4.33205.214
MinimumVisualStudioVersion = 10.0.40219.1
Project("{FAE04EC0-301F-11D3-BF4B-00C04F79EFBC}") = "demo2", "demo2\demo2.csproj", "{870386EA-CF27-4ECA-A9E5-A2A5190D1A01}"
EndProject
Global
	GlobalSection(SolutionConfigurationPlatforms) = preSolution
		Debug|Any CPU = Debug|Any CPU
		Release|Any CPU = Release|Any CPU
	EndGlobalSection
	GlobalSection(ProjectConfigurationPlatforms) = postSolution
		{870386EA-CF27-4ECA-A9E5-A2A5190D1A01}.Debug|Any CPU.ActiveCfg = Debug|Any CPU
		{870386EA-CF27-4ECA-A9E5-A2A5190D1A01}.Debug|Any CPU.Build.0 = Debug|Any CPU
		{870386EA-CF27-4ECA-A9E5-A2A5190D1A01}.Release|Any CPU.ActiveCfg = Release|Any CPU
		{870386EA-CF27-4ECA-A9E5-A2A5190D1A01}.Release|Any CPU.Build.0 = Release|Any CPU
	EndGlobalSection
	GlobalSection(SolutionProperties) = preSolution
		HideSolutionNode = FALSE
	EndGlobalSection
	GlobalSection(ExtensibilityGlobals) = postSolution
		SolutionGuid = {3B6FA1C8-D996-4285-A2C8-17276E5B0BC6}
	EndGlobalSection
EndGlobal
